
Microsoft Visual Studio Solution File, Format Version 12.00
# Visual Studio Version 17
VisualStudioVersion = 17.10.35027.167
MinimumVisualStudioVersion = 10.0.40219.1
Project("{9A19103F-16F7-4668-BE54-9A1E7A4F7556}") = "AlmaRosa_Ap1_P2", "AlmaRosa_Ap1_P2.csproj", "{32512024-24D3-4EAF-99FA-E3FF08027F1B}"
EndProject
Global
	GlobalSection(SolutionConfigurationPlatforms) = preSolution
		Debug|Any CPU = Debug|Any CPU
		Release|Any CPU = Release|Any CPU
	EndGlobalSection
	GlobalSection(ProjectConfigurationPlatforms) = postSolution
		{32512024-24D3-4EAF-99FA-E3FF08027F1B}.Debug|Any CPU.ActiveCfg = Debug|Any CPU
		{32512024-24D3-4EAF-99FA-E3FF08027F1B}.Debug|Any CPU.Build.0 = Debug|Any CPU
		{32512024-24D3-4EAF-99FA-E3FF08027F1B}.Release|Any CPU.ActiveCfg = Release|Any CPU
		{32512024-24D3-4EAF-99FA-E3FF08027F1B}.Release|Any CPU.Build.0 = Release|Any CPU
	EndGlobalSection
	GlobalSection(SolutionProperties) = preSolution
		HideSolutionNode = FALSE
	EndGlobalSection
	GlobalSection(ExtensibilityGlobals) = postSolution
		SolutionGuid = {BB1FEDF8-65A9-4F06-B25D-E58C6E2F2F9A}
	EndGlobalSection
EndGlobal
